
Microsoft Visual Studio Solution File, Format Version 12.00
# Visual Studio Version 17
VisualStudioVersion = 17.14.36203.30 d17.14
MinimumVisualStudioVersion = 10.0.40219.1
Project("{FAE04EC0-301F-11D3-BF4B-00C04F79EFBC}") = "TimesheetSystem", "TimesheetSystem\TimesheetSystem.csproj", "{0F77F9E2-90B6-4973-A238-E88A5F37EC6A}"
EndProject
Project("{FAE04EC0-301F-11D3-BF4B-00C04F79EFBC}") = "TimeSheetSystemTest", "TimeSheetSystemTest\TimeSheetSystemTest.csproj", "{4D00EA9E-1E32-4F23-AD2C-736F2F7B377B}"
EndProject
Global
	GlobalSection(SolutionConfigurationPlatforms) = preSolution
		Debug|Any CPU = Debug|Any CPU
		Release|Any CPU = Release|Any CPU
	EndGlobalSection
	GlobalSection(ProjectConfigurationPlatforms) = postSolution
		{0F77F9E2-90B6-4973-A238-E88A5F37EC6A}.Debug|Any CPU.ActiveCfg = Debug|Any CPU
		{0F77F9E2-90B6-4973-A238-E88A5F37EC6A}.Debug|Any CPU.Build.0 = Debug|Any CPU
		{0F77F9E2-90B6-4973-A238-E88A5F37EC6A}.Release|Any CPU.ActiveCfg = Release|Any CPU
		{0F77F9E2-90B6-4973-A238-E88A5F37EC6A}.Release|Any CPU.Build.0 = Release|Any CPU
		{4D00EA9E-1E32-4F23-AD2C-736F2F7B377B}.Debug|Any CPU.ActiveCfg = Debug|Any CPU
		{4D00EA9E-1E32-4F23-AD2C-736F2F7B377B}.Debug|Any CPU.Build.0 = Debug|Any CPU
		{4D00EA9E-1E32-4F23-AD2C-736F2F7B377B}.Release|Any CPU.ActiveCfg = Release|Any CPU
		{4D00EA9E-1E32-4F23-AD2C-736F2F7B377B}.Release|Any CPU.Build.0 = Release|Any CPU
	EndGlobalSection
	GlobalSection(SolutionProperties) = preSolution
		HideSolutionNode = FALSE
	EndGlobalSection
	GlobalSection(ExtensibilityGlobals) = postSolution
		SolutionGuid = {660EB6D7-481B-4D77-936F-028170BB43EF}
	EndGlobalSection
EndGlobal
